
Microsoft Visual Studio Solution File, Format Version 12.00
# Visual Studio Version 17
VisualStudioVersion = 17.4.33110.190
MinimumVisualStudioVersion = 10.0.40219.1
Project("{FAE04EC0-301F-11D3-BF4B-00C04F79EFBC}") = "TC1.1_Refactor", "TC1.1_Refactor.csproj", "{11207F83-11A5-4ABB-AB6E-6E2A08C06F9E}"
EndProject
Project("{FAE04EC0-301F-11D3-BF4B-00C04F79EFBC}") = "TC1.1_RefactorTesting", "..\TC1.1_RefactorTesting\TC1.1_RefactorTesting.csproj", "{C4F4A982-274B-4F5B-86C6-8402432F7BDA}"
EndProject
Global
	GlobalSection(SolutionConfigurationPlatforms) = preSolution
		Debug|Any CPU = Debug|Any CPU
		Release|Any CPU = Release|Any CPU
	EndGlobalSection
	GlobalSection(ProjectConfigurationPlatforms) = postSolution
		{11207F83-11A5-4ABB-AB6E-6E2A08C06F9E}.Debug|Any CPU.ActiveCfg = Debug|Any CPU
		{11207F83-11A5-4ABB-AB6E-6E2A08C06F9E}.Debug|Any CPU.Build.0 = Debug|Any CPU
		{11207F83-11A5-4ABB-AB6E-6E2A08C06F9E}.Release|Any CPU.ActiveCfg = Release|Any CPU
		{11207F83-11A5-4ABB-AB6E-6E2A08C06F9E}.Release|Any CPU.Build.0 = Release|Any CPU
		{C4F4A982-274B-4F5B-86C6-8402432F7BDA}.Debug|Any CPU.ActiveCfg = Debug|Any CPU
		{C4F4A982-274B-4F5B-86C6-8402432F7BDA}.Debug|Any CPU.Build.0 = Debug|Any CPU
		{C4F4A982-274B-4F5B-86C6-8402432F7BDA}.Release|Any CPU.ActiveCfg = Release|Any CPU
		{C4F4A982-274B-4F5B-86C6-8402432F7BDA}.Release|Any CPU.Build.0 = Release|Any CPU
	EndGlobalSection
	GlobalSection(SolutionProperties) = preSolution
		HideSolutionNode = FALSE
	EndGlobalSection
	GlobalSection(ExtensibilityGlobals) = postSolution
		SolutionGuid = {15C91B28-D586-4A34-9377-69C59BC61120}
	EndGlobalSection
EndGlobal
