
Microsoft Visual Studio Solution File, Format Version 12.00
# Visual Studio Version 17
VisualStudioVersion = 17.4.33110.190
MinimumVisualStudioVersion = 10.0.40219.1
Project("{FAE04EC0-301F-11D3-BF4B-00C04F79EFBC}") = "UC1_Refactor", "UC1_Refactor.csproj", "{994F35E5-8183-4ACB-82E1-D45342318C11}"
EndProject
Project("{FAE04EC0-301F-11D3-BF4B-00C04F79EFBC}") = "RefactorTestProject", "..\RefactorTestProject\RefactorTestProject.csproj", "{092E196C-9A48-4B37-857D-0911E7E2AEA2}"
EndProject
Global
	GlobalSection(SolutionConfigurationPlatforms) = preSolution
		Debug|Any CPU = Debug|Any CPU
		Release|Any CPU = Release|Any CPU
	EndGlobalSection
	GlobalSection(ProjectConfigurationPlatforms) = postSolution
		{994F35E5-8183-4ACB-82E1-D45342318C11}.Debug|Any CPU.ActiveCfg = Debug|Any CPU
		{994F35E5-8183-4ACB-82E1-D45342318C11}.Debug|Any CPU.Build.0 = Debug|Any CPU
		{994F35E5-8183-4ACB-82E1-D45342318C11}.Release|Any CPU.ActiveCfg = Release|Any CPU
		{994F35E5-8183-4ACB-82E1-D45342318C11}.Release|Any CPU.Build.0 = Release|Any CPU
		{092E196C-9A48-4B37-857D-0911E7E2AEA2}.Debug|Any CPU.ActiveCfg = Debug|Any CPU
		{092E196C-9A48-4B37-857D-0911E7E2AEA2}.Debug|Any CPU.Build.0 = Debug|Any CPU
		{092E196C-9A48-4B37-857D-0911E7E2AEA2}.Release|Any CPU.ActiveCfg = Release|Any CPU
		{092E196C-9A48-4B37-857D-0911E7E2AEA2}.Release|Any CPU.Build.0 = Release|Any CPU
	EndGlobalSection
	GlobalSection(SolutionProperties) = preSolution
		HideSolutionNode = FALSE
	EndGlobalSection
	GlobalSection(ExtensibilityGlobals) = postSolution
		SolutionGuid = {EDAF2662-4EC2-427F-8D46-43DAC5698B9B}
	EndGlobalSection
EndGlobal
