
Microsoft Visual Studio Solution File, Format Version 12.00
# Visual Studio Version 17
VisualStudioVersion = 17.4.33110.190
MinimumVisualStudioVersion = 10.0.40219.1
Project("{FAE04EC0-301F-11D3-BF4B-00C04F79EFBC}") = "TC1.2_Refactor", "TC1.2_Refactor.csproj", "{09F881F7-BBB2-40E0-88D4-CB40AEADCBB7}"
EndProject
Project("{FAE04EC0-301F-11D3-BF4B-00C04F79EFBC}") = "TC1.2_RefactorTesting", "..\TC1.2_RefactorTesting\TC1.2_RefactorTesting.csproj", "{887F798C-7F92-4C5C-9474-7088B5B3E74F}"
EndProject
Global
	GlobalSection(SolutionConfigurationPlatforms) = preSolution
		Debug|Any CPU = Debug|Any CPU
		Release|Any CPU = Release|Any CPU
	EndGlobalSection
	GlobalSection(ProjectConfigurationPlatforms) = postSolution
		{09F881F7-BBB2-40E0-88D4-CB40AEADCBB7}.Debug|Any CPU.ActiveCfg = Debug|Any CPU
		{09F881F7-BBB2-40E0-88D4-CB40AEADCBB7}.Debug|Any CPU.Build.0 = Debug|Any CPU
		{09F881F7-BBB2-40E0-88D4-CB40AEADCBB7}.Release|Any CPU.ActiveCfg = Release|Any CPU
		{09F881F7-BBB2-40E0-88D4-CB40AEADCBB7}.Release|Any CPU.Build.0 = Release|Any CPU
		{887F798C-7F92-4C5C-9474-7088B5B3E74F}.Debug|Any CPU.ActiveCfg = Debug|Any CPU
		{887F798C-7F92-4C5C-9474-7088B5B3E74F}.Debug|Any CPU.Build.0 = Debug|Any CPU
		{887F798C-7F92-4C5C-9474-7088B5B3E74F}.Release|Any CPU.ActiveCfg = Release|Any CPU
		{887F798C-7F92-4C5C-9474-7088B5B3E74F}.Release|Any CPU.Build.0 = Release|Any CPU
	EndGlobalSection
	GlobalSection(SolutionProperties) = preSolution
		HideSolutionNode = FALSE
	EndGlobalSection
	GlobalSection(ExtensibilityGlobals) = postSolution
		SolutionGuid = {5458384A-0050-42C8-9E1B-7A4D25A70282}
	EndGlobalSection
EndGlobal
